<?xml version="1.0" encoding="utf-8"?>
<Project ToolsVersion="4.0" xmlns="http://schemas.microsoft.com/developer/msbuild/2003">
  <ItemGroup>
    <Filter Include="소스 파일">
      <UniqueIdentifier>{4FC737F1-C7A5-4376-A066-2A32D752A2FF}</UniqueIdentifier>
      <Extensions>cpp;c;cc;cxx;def;odl;idl;hpj;bat;asm;asmx</Extensions>
    </Filter>
    <Filter Include="헤더 파일">
      <UniqueIdentifier>{93995380-89BD-4b04-88EB-625FBE52EBFB}</UniqueIdentifier>
      <Extensions>h;hh;hpp;hxx;hm;inl;inc;xsd</Extensions>
    </Filter>
    <Filter Include="리소스 파일">
      <UniqueIdentifier>{67DA6AB6-F800-4c08-8B7A-83BB121AAD01}</UniqueIdentifier>
      <Extensions>rc;ico;cur;bmp;dlg;rc2;rct;bin;rgs;gif;jpg;jpeg;jpe;resx;tiff;tif;png;wav;mfcribbon-ms</Extensions>
    </Filter>
    <Filter Include="소스 파일\Core">
      <UniqueIdentifier>{0367474e-801c-4fb1-a695-38d560f223e3}</UniqueIdentifier>
    </Filter>
    <Filter Include="소스 파일\Core\Manager">
      <UniqueIdentifier>{f1fb9bae-7430-4842-9323-f323bce222f8}</UniqueIdentifier>
    </Filter>
    <Filter Include="소스 파일\Core\Object">
      <UniqueIdentifier>{c1cf02f9-e22b-4615-a803-4aaf848f276f}</UniqueIdentifier>
    </Filter>
    <Filter Include="소스 파일\Core\lib">
      <UniqueIdentifier>{a5a2fe03-10dd-4af1-81d4-6274350ff190}</UniqueIdentifier>
    </Filter>
    <Filter Include="소스 파일\Virus">
      <UniqueIdentifier>{635c4952-5d51-40e6-82d7-e87fd79dcb42}</UniqueIdentifier>
    </Filter>
    <Filter Include="소스 파일\Virus\Virus_Sprite">
      <UniqueIdentifier>{089d7f53-7823-4f8e-9f46-132c7028af6d}</UniqueIdentifier>
    </Filter>
    <Filter Include="소스 파일\Virus\Virus_Pattern">
      <UniqueIdentifier>{8f95fc90-71f0-4dd9-833f-aa731edf8788}</UniqueIdentifier>
    </Filter>
    <Filter Include="소스 파일\Virus\Virus_Scene">
      <UniqueIdentifier>{f231505c-22ca-46be-8e6f-ce831b8dab3a}</UniqueIdentifier>
    </Filter>
  </ItemGroup>
  <ItemGroup>
    <Text Include="ReadMe.txt" />
  </ItemGroup>
  <ItemGroup>
    <ClInclude Include="stdafx.h">
      <Filter>헤더 파일</Filter>
    </ClInclude>
    <ClInclude Include="targetver.h">
      <Filter>헤더 파일</Filter>
    </ClInclude>
    <ClInclude Include="Director.h">
      <Filter>소스 파일\Core\Manager</Filter>
    </ClInclude>
    <ClInclude Include="DrawManager.h">
      <Filter>소스 파일\Core\Manager</Filter>
    </ClInclude>
    <ClInclude Include="SoundManager.h">
      <Filter>소스 파일\Core\Manager</Filter>
    </ClInclude>
    <ClInclude Include="SceneManager.h">
      <Filter>소스 파일\Core\Manager</Filter>
    </ClInclude>
    <ClInclude Include="Scene.h">
      <Filter>소스 파일\Core\Object</Filter>
    </ClInclude>
    <ClInclude Include="Sprite.h">
      <Filter>소스 파일\Core\Object</Filter>
    </ClInclude>
    <ClInclude Include="Singleton.h">
      <Filter>소스 파일\Core\lib</Filter>
    </ClInclude>
    <ClInclude Include="EventManager.h">
      <Filter>소스 파일\Core\Manager</Filter>
    </ClInclude>
    <ClInclude Include="Scene_MainMenu.h">
      <Filter>소스 파일\Virus\Virus_Scene</Filter>
    </ClInclude>
    <ClInclude Include="Scene_Game.h">
      <Filter>소스 파일\Virus\Virus_Scene</Filter>
    </ClInclude>
    <ClInclude Include="Sprite_Player.h">
      <Filter>소스 파일\Virus\Virus_Sprite</Filter>
    </ClInclude>
    <ClInclude Include="TimeManager.h">
      <Filter>소스 파일\Core\Manager</Filter>
    </ClInclude>
    <ClInclude Include="Sprite_Virus.h">
      <Filter>소스 파일\Virus\Virus_Sprite</Filter>
    </ClInclude>
    <ClInclude Include="Sprite_VirusDebris.h">
      <Filter>소스 파일\Virus\Virus_Sprite</Filter>
    </ClInclude>
    <ClInclude Include="TextManager.h">
      <Filter>소스 파일\Core\Manager</Filter>
    </ClInclude>
    <ClInclude Include="han2unicode.h">
      <Filter>소스 파일\Core\lib</Filter>
    </ClInclude>
    <ClInclude Include="Scene_Credit.h">
      <Filter>소스 파일\Virus\Virus_Scene</Filter>
    </ClInclude>
    <ClInclude Include="Scene_Rule.h">
      <Filter>소스 파일\Virus\Virus_Scene</Filter>
    </ClInclude>
    <ClInclude Include="Scene_Score.h">
      <Filter>소스 파일\Virus\Virus_Scene</Filter>
    </ClInclude>
    <ClInclude Include="VirusPattern.h">
      <Filter>소스 파일\Virus\Virus_Pattern</Filter>
    </ClInclude>
    <ClInclude Include="Text.h">
      <Filter>소스 파일\Core\Object</Filter>
    </ClInclude>
    <ClInclude Include="Pattern_Strategy.h">
      <Filter>소스 파일\Virus\Virus_Pattern</Filter>
    </ClInclude>
    <ClInclude Include="Pattern_Cencer.h">
      <Filter>소스 파일\Virus\Virus_Pattern</Filter>
    </ClInclude>
    <ClInclude Include="Pattern_Gastritis.h">
      <Filter>소스 파일\Virus\Virus_Pattern</Filter>
    </ClInclude>
    <ClInclude Include="Pattern_Hemorrhage.h">
      <Filter>소스 파일\Virus\Virus_Pattern</Filter>
    </ClInclude>
    <ClInclude Include="Pattern_Pain.h">
      <Filter>소스 파일\Virus\Virus_Pattern</Filter>
    </ClInclude>
  </ItemGroup>
  <ItemGroup>
    <ClCompile Include="stdafx.cpp">
      <Filter>소스 파일</Filter>
    </ClCompile>
    <ClCompile Include="Director.cpp">
      <Filter>소스 파일\Core\Manager</Filter>
    </ClCompile>
    <ClCompile Include="DrawManager.cpp">
      <Filter>소스 파일\Core\Manager</Filter>
    </ClCompile>
    <ClCompile Include="SoundManager.cpp">
      <Filter>소스 파일\Core\Manager</Filter>
    </ClCompile>
    <ClCompile Include="SceneManager.cpp">
      <Filter>소스 파일\Core\Manager</Filter>
    </ClCompile>
    <ClCompile Include="Sprite.cpp">
      <Filter>소스 파일\Core\Object</Filter>
    </ClCompile>
    <ClCompile Include="EventManager.cpp">
      <Filter>소스 파일\Core\Manager</Filter>
    </ClCompile>
    <ClCompile Include="Scene.cpp">
      <Filter>소스 파일\Core\Object</Filter>
    </ClCompile>
    <ClCompile Include="Scene_MainMenu.cpp">
      <Filter>소스 파일\Virus\Virus_Scene</Filter>
    </ClCompile>
    <ClCompile Include="Scene_Game.cpp">
      <Filter>소스 파일\Virus\Virus_Scene</Filter>
    </ClCompile>
    <ClCompile Include="Sprite_Player.cpp">
      <Filter>소스 파일\Virus\Virus_Sprite</Filter>
    </ClCompile>
    <ClCompile Include="TimeManager.cpp">
      <Filter>소스 파일\Core\Manager</Filter>
    </ClCompile>
    <ClCompile Include="Sprite_Virus.cpp">
      <Filter>소스 파일\Virus\Virus_Sprite</Filter>
    </ClCompile>
    <ClCompile Include="Sprite_VirusDebris.cpp">
      <Filter>소스 파일\Virus\Virus_Sprite</Filter>
    </ClCompile>
    <ClCompile Include="TextManager.cpp">
      <Filter>소스 파일\Core\Manager</Filter>
    </ClCompile>
    <ClCompile Include="Scene_Score.cpp">
      <Filter>소스 파일\Virus\Virus_Scene</Filter>
    </ClCompile>
    <ClCompile Include="Scene_Credit.cpp">
      <Filter>소스 파일\Virus\Virus_Scene</Filter>
    </ClCompile>
    <ClCompile Include="Scene_Rule.cpp">
      <Filter>소스 파일\Virus\Virus_Scene</Filter>
    </ClCompile>
    <ClCompile Include="VirusPattern.cpp">
      <Filter>소스 파일\Virus\Virus_Pattern</Filter>
    </ClCompile>
    <ClCompile Include="VirusMain.cpp">
      <Filter>소스 파일</Filter>
    </ClCompile>
    <ClCompile Include="Text.cpp">
      <Filter>소스 파일\Core\Object</Filter>
    </ClCompile>
    <ClCompile Include="Pattern_Strategy.cpp">
      <Filter>소스 파일\Virus\Virus_Pattern</Filter>
    </ClCompile>
    <ClCompile Include="Pattern_Cencer.cpp">
      <Filter>소스 파일\Virus\Virus_Pattern</Filter>
    </ClCompile>
    <ClCompile Include="Pattern_Gastritis.cpp">
      <Filter>소스 파일\Virus\Virus_Pattern</Filter>
    </ClCompile>
    <ClCompile Include="Pattern_Hemorrhage.cpp">
      <Filter>소스 파일\Virus\Virus_Pattern</Filter>
    </ClCompile>
    <ClCompile Include="Pattern_Pain.cpp">
      <Filter>소스 파일\Virus\Virus_Pattern</Filter>
    </ClCompile>
  </ItemGroup>
  <ItemGroup>
    <None Include="ClassDiagram.cd" />
  </ItemGroup>
</Project>